
Microsoft Visual Studio Solution File, Format Version 12.00
# Visual Studio Version 17
VisualStudioVersion = 17.0.32112.339
MinimumVisualStudioVersion = 10.0.40219.1
Project("{9A19103F-16F7-4668-BE54-9A1E7A4F7556}") = "ClassroomTemplate", "ClassroomTemplate\ClassroomTemplate.csproj", "{B9B95BC9-56B2-46B3-AACC-7F5D8446781B}"
EndProject
Project("{9A19103F-16F7-4668-BE54-9A1E7A4F7556}") = "ClassroomTemplate.Tests", "ClassroomTemplate.Tests\ClassroomTemplate.Tests.csproj", "{D00F97AF-9F53-4714-8B63-0102CD55E136}"
EndProject
Project("{2150E333-8FDC-42A3-9474-1A3956D46DE8}") = ".github", ".github", "{CB0BD0A8-2DAE-46A9-B170-3AC69AB66E32}"
EndProject
Project("{2150E333-8FDC-42A3-9474-1A3956D46DE8}") = "classroom", "classroom", "{0D639715-BCB9-4D2B-B642-99500BDD72BA}"
	ProjectSection(SolutionItems) = preProject
		.github\classroom\autograding.json = .github\classroom\autograding.json
	EndProjectSection
EndProject
Project("{2150E333-8FDC-42A3-9474-1A3956D46DE8}") = "workflows", "workflows", "{135395E6-4671-40C5-B61C-9EB4C7435B73}"
	ProjectSection(SolutionItems) = preProject
		.github\workflows\classroom.yml = .github\workflows\classroom.yml
	EndProjectSection
EndProject
Project("{FAE04EC0-301F-11D3-BF4B-00C04F79EFBC}") = "GenerateAutograding", ".github\classroom\GenerateAutograding\GenerateAutograding.csproj", "{4FD6C251-ECDA-4301-98BE-528CB9DF88A4}"
EndProject
Global
	GlobalSection(SolutionConfigurationPlatforms) = preSolution
		Debug|Any CPU = Debug|Any CPU
		Debug|x64 = Debug|x64
		Debug|x86 = Debug|x86
		Release|Any CPU = Release|Any CPU
		Release|x64 = Release|x64
		Release|x86 = Release|x86
	EndGlobalSection
	GlobalSection(ProjectConfigurationPlatforms) = postSolution
		{B9B95BC9-56B2-46B3-AACC-7F5D8446781B}.Debug|Any CPU.ActiveCfg = Debug|Any CPU
		{B9B95BC9-56B2-46B3-AACC-7F5D8446781B}.Debug|Any CPU.Build.0 = Debug|Any CPU
		{B9B95BC9-56B2-46B3-AACC-7F5D8446781B}.Debug|x64.ActiveCfg = Debug|Any CPU
		{B9B95BC9-56B2-46B3-AACC-7F5D8446781B}.Debug|x64.Build.0 = Debug|Any CPU
		{B9B95BC9-56B2-46B3-AACC-7F5D8446781B}.Debug|x86.ActiveCfg = Debug|Any CPU
		{B9B95BC9-56B2-46B3-AACC-7F5D8446781B}.Debug|x86.Build.0 = Debug|Any CPU
		{B9B95BC9-56B2-46B3-AACC-7F5D8446781B}.Release|Any CPU.ActiveCfg = Release|Any CPU
		{B9B95BC9-56B2-46B3-AACC-7F5D8446781B}.Release|Any CPU.Build.0 = Release|Any CPU
		{B9B95BC9-56B2-46B3-AACC-7F5D8446781B}.Release|x64.ActiveCfg = Release|Any CPU
		{B9B95BC9-56B2-46B3-AACC-7F5D8446781B}.Release|x64.Build.0 = Release|Any CPU
		{B9B95BC9-56B2-46B3-AACC-7F5D8446781B}.Release|x86.ActiveCfg = Release|Any CPU
		{B9B95BC9-56B2-46B3-AACC-7F5D8446781B}.Release|x86.Build.0 = Release|Any CPU
		{D00F97AF-9F53-4714-8B63-0102CD55E136}.Debug|Any CPU.ActiveCfg = Debug|Any CPU
		{D00F97AF-9F53-4714-8B63-0102CD55E136}.Debug|Any CPU.Build.0 = Debug|Any CPU
		{D00F97AF-9F53-4714-8B63-0102CD55E136}.Debug|x64.ActiveCfg = Debug|Any CPU
		{D00F97AF-9F53-4714-8B63-0102CD55E136}.Debug|x64.Build.0 = Debug|Any CPU
		{D00F97AF-9F53-4714-8B63-0102CD55E136}.Debug|x86.ActiveCfg = Debug|Any CPU
		{D00F97AF-9F53-4714-8B63-0102CD55E136}.Debug|x86.Build.0 = Debug|Any CPU
		{D00F97AF-9F53-4714-8B63-0102CD55E136}.Release|Any CPU.ActiveCfg = Release|Any CPU
		{D00F97AF-9F53-4714-8B63-0102CD55E136}.Release|Any CPU.Build.0 = Release|Any CPU
		{D00F97AF-9F53-4714-8B63-0102CD55E136}.Release|x64.ActiveCfg = Release|Any CPU
		{D00F97AF-9F53-4714-8B63-0102CD55E136}.Release|x64.Build.0 = Release|Any CPU
		{D00F97AF-9F53-4714-8B63-0102CD55E136}.Release|x86.ActiveCfg = Release|Any CPU
		{D00F97AF-9F53-4714-8B63-0102CD55E136}.Release|x86.Build.0 = Release|Any CPU
		{4FD6C251-ECDA-4301-98BE-528CB9DF88A4}.Debug|Any CPU.ActiveCfg = Debug|Any CPU
		{4FD6C251-ECDA-4301-98BE-528CB9DF88A4}.Debug|Any CPU.Build.0 = Debug|Any CPU
		{4FD6C251-ECDA-4301-98BE-528CB9DF88A4}.Debug|x64.ActiveCfg = Debug|Any CPU
		{4FD6C251-ECDA-4301-98BE-528CB9DF88A4}.Debug|x64.Build.0 = Debug|Any CPU
		{4FD6C251-ECDA-4301-98BE-528CB9DF88A4}.Debug|x86.ActiveCfg = Debug|Any CPU
		{4FD6C251-ECDA-4301-98BE-528CB9DF88A4}.Debug|x86.Build.0 = Debug|Any CPU
		{4FD6C251-ECDA-4301-98BE-528CB9DF88A4}.Release|Any CPU.ActiveCfg = Release|Any CPU
		{4FD6C251-ECDA-4301-98BE-528CB9DF88A4}.Release|Any CPU.Build.0 = Release|Any CPU
		{4FD6C251-ECDA-4301-98BE-528CB9DF88A4}.Release|x64.ActiveCfg = Release|Any CPU
		{4FD6C251-ECDA-4301-98BE-528CB9DF88A4}.Release|x64.Build.0 = Release|Any CPU
		{4FD6C251-ECDA-4301-98BE-528CB9DF88A4}.Release|x86.ActiveCfg = Release|Any CPU
		{4FD6C251-ECDA-4301-98BE-528CB9DF88A4}.Release|x86.Build.0 = Release|Any CPU
	EndGlobalSection
	GlobalSection(SolutionProperties) = preSolution
		HideSolutionNode = FALSE
	EndGlobalSection
	GlobalSection(NestedProjects) = preSolution
		{0D639715-BCB9-4D2B-B642-99500BDD72BA} = {CB0BD0A8-2DAE-46A9-B170-3AC69AB66E32}
		{135395E6-4671-40C5-B61C-9EB4C7435B73} = {CB0BD0A8-2DAE-46A9-B170-3AC69AB66E32}
		{4FD6C251-ECDA-4301-98BE-528CB9DF88A4} = {0D639715-BCB9-4D2B-B642-99500BDD72BA}
	EndGlobalSection
	GlobalSection(ExtensibilityGlobals) = postSolution
		SolutionGuid = {D1B39463-0420-468F-9D42-9EC73A062645}
	EndGlobalSection
EndGlobal
