
Microsoft Visual Studio Solution File, Format Version 12.00
# Visual Studio Version 16
VisualStudioVersion = 16.0.30114.105
MinimumVisualStudioVersion = 10.0.40219.1
Project("{FAE04EC0-301F-11D3-BF4B-00C04F79EFBC}") = "ClassroomTemplate", "ClassroomTemplate\ClassroomTemplate.csproj", "{B9B95BC9-56B2-46B3-AACC-7F5D8446781B}"
EndProject
Project("{FAE04EC0-301F-11D3-BF4B-00C04F79EFBC}") = "ClassroomTemplate.Tests", "ClassroomTemplate.Tests\ClassroomTemplate.Tests.csproj", "{D00F97AF-9F53-4714-8B63-0102CD55E136}"
EndProject
Global
	GlobalSection(SolutionConfigurationPlatforms) = preSolution
		Debug|Any CPU = Debug|Any CPU
		Release|Any CPU = Release|Any CPU
	EndGlobalSection
	GlobalSection(SolutionProperties) = preSolution
		HideSolutionNode = FALSE
	EndGlobalSection
	GlobalSection(ProjectConfigurationPlatforms) = postSolution
		{B9B95BC9-56B2-46B3-AACC-7F5D8446781B}.Debug|Any CPU.ActiveCfg = Debug|Any CPU
		{B9B95BC9-56B2-46B3-AACC-7F5D8446781B}.Debug|Any CPU.Build.0 = Debug|Any CPU
		{B9B95BC9-56B2-46B3-AACC-7F5D8446781B}.Release|Any CPU.ActiveCfg = Release|Any CPU
		{B9B95BC9-56B2-46B3-AACC-7F5D8446781B}.Release|Any CPU.Build.0 = Release|Any CPU
		{D00F97AF-9F53-4714-8B63-0102CD55E136}.Debug|Any CPU.ActiveCfg = Debug|Any CPU
		{D00F97AF-9F53-4714-8B63-0102CD55E136}.Debug|Any CPU.Build.0 = Debug|Any CPU
		{D00F97AF-9F53-4714-8B63-0102CD55E136}.Release|Any CPU.ActiveCfg = Release|Any CPU
		{D00F97AF-9F53-4714-8B63-0102CD55E136}.Release|Any CPU.Build.0 = Release|Any CPU
	EndGlobalSection
EndGlobal
